// !$*UTF8*$!
{
	archiveVersion = 1;
	classes = {
	};
	objectVersion = 56;
	objects = {

/* Begin PBXBuildFile section */
		744E0D862BB87B8E00AC87F8 /* BookRaw.swift in Sources */ = {isa = PBXBuildFile; fileRef = 744E0D852BB87B8E00AC87F8 /* BookRaw.swift */; };
		744E0D882BBC016700AC87F8 /* BookListViewModel.swift in Sources */ = {isa = PBXBuildFile; fileRef = 744E0D872BBC016700AC87F8 /* BookListViewModel.swift */; };
		744E0D8A2BBC065900AC87F8 /* BookSearch.swift in Sources */ = {isa = PBXBuildFile; fileRef = 744E0D892BBC065900AC87F8 /* BookSearch.swift */; };
		744E0D8C2BBC070100AC87F8 /* BookList.swift in Sources */ = {isa = PBXBuildFile; fileRef = 744E0D8B2BBC070100AC87F8 /* BookList.swift */; };
		744F3C882BB18BA600F5BDE2 /* concurrencyTestApp.swift in Sources */ = {isa = PBXBuildFile; fileRef = 744F3C872BB18BA600F5BDE2 /* concurrencyTestApp.swift */; };
		744F3C8A2BB18BA600F5BDE2 /* ContentView.swift in Sources */ = {isa = PBXBuildFile; fileRef = 744F3C892BB18BA600F5BDE2 /* ContentView.swift */; };
		744F3C8C2BB18BA700F5BDE2 /* Assets.xcassets in Resources */ = {isa = PBXBuildFile; fileRef = 744F3C8B2BB18BA700F5BDE2 /* Assets.xcassets */; };
		744F3C8F2BB18BA700F5BDE2 /* Preview Assets.xcassets in Resources */ = {isa = PBXBuildFile; fileRef = 744F3C8E2BB18BA700F5BDE2 /* Preview Assets.xcassets */; };
		74EEE90D2BB32BBA0066FCDC /* BookModel.swift in Sources */ = {isa = PBXBuildFile; fileRef = 74EEE90C2BB32BBA0066FCDC /* BookModel.swift */; };
/* End PBXBuildFile section */

/* Begin PBXFileReference section */
		744E0D852BB87B8E00AC87F8 /* BookRaw.swift */ = {isa = PBXFileReference; lastKnownFileType = sourcecode.swift; path = BookRaw.swift; sourceTree = "<group>"; };
		744E0D872BBC016700AC87F8 /* BookListViewModel.swift */ = {isa = PBXFileReference; lastKnownFileType = sourcecode.swift; path = BookListViewModel.swift; sourceTree = "<group>"; };
		744E0D892BBC065900AC87F8 /* BookSearch.swift */ = {isa = PBXFileReference; lastKnownFileType = sourcecode.swift; path = BookSearch.swift; sourceTree = "<group>"; };
		744E0D8B2BBC070100AC87F8 /* BookList.swift */ = {isa = PBXFileReference; lastKnownFileType = sourcecode.swift; path = BookList.swift; sourceTree = "<group>"; };
		744F3C842BB18BA600F5BDE2 /* concurrencyTest.app */ = {isa = PBXFileReference; explicitFileType = wrapper.application; includeInIndex = 0; path = concurrencyTest.app; sourceTree = BUILT_PRODUCTS_DIR; };
		744F3C872BB18BA600F5BDE2 /* concurrencyTestApp.swift */ = {isa = PBXFileReference; lastKnownFileType = sourcecode.swift; path = concurrencyTestApp.swift; sourceTree = "<group>"; };
		744F3C892BB18BA600F5BDE2 /* ContentView.swift */ = {isa = PBXFileReference; lastKnownFileType = sourcecode.swift; path = ContentView.swift; sourceTree = "<group>"; };
		744F3C8B2BB18BA700F5BDE2 /* Assets.xcassets */ = {isa = PBXFileReference; lastKnownFileType = folder.assetcatalog; path = Assets.xcassets; sourceTree = "<group>"; };
		744F3C8E2BB18BA700F5BDE2 /* Preview Assets.xcassets */ = {isa = PBXFileReference; lastKnownFileType = folder.assetcatalog; path = "Preview Assets.xcassets"; sourceTree = "<group>"; };
		74EEE90C2BB32BBA0066FCDC /* BookModel.swift */ = {isa = PBXFileReference; lastKnownFileType = sourcecode.swift; path = BookModel.swift; sourceTree = "<group>"; };
/* End PBXFileReference section */

/* Begin PBXFrameworksBuildPhase section */
		744F3C812BB18BA600F5BDE2 /* Frameworks */ = {
			isa = PBXFrameworksBuildPhase;
			buildActionMask = 2147483647;
			files = (
			);
			runOnlyForDeploymentPostprocessing = 0;
		};
/* End PBXFrameworksBuildPhase section */

/* Begin PBXGroup section */
		744E0D842BB87B7C00AC87F8 /* View */ = {
			isa = PBXGroup;
			children = (
				744E0D852BB87B8E00AC87F8 /* BookRaw.swift */,
				744E0D892BBC065900AC87F8 /* BookSearch.swift */,
				744E0D8B2BBC070100AC87F8 /* BookList.swift */,
			);
			path = View;
			sourceTree = "<group>";
		};
		744E0D8D2BBC430D00AC87F8 /* Model */ = {
			isa = PBXGroup;
			children = (
				74EEE90C2BB32BBA0066FCDC /* BookModel.swift */,
			);
			path = Model;
			sourceTree = "<group>";
		};
		744F3C7B2BB18BA600F5BDE2 = {
			isa = PBXGroup;
			children = (
				744F3C862BB18BA600F5BDE2 /* concurrencyTest */,
				744F3C852BB18BA600F5BDE2 /* Products */,
			);
			sourceTree = "<group>";
		};
		744F3C852BB18BA600F5BDE2 /* Products */ = {
			isa = PBXGroup;
			children = (
				744F3C842BB18BA600F5BDE2 /* concurrencyTest.app */,
			);
			name = Products;
			sourceTree = "<group>";
		};
		744F3C862BB18BA600F5BDE2 /* concurrencyTest */ = {
			isa = PBXGroup;
			children = (
				744F3C872BB18BA600F5BDE2 /* concurrencyTestApp.swift */,
				744F3C892BB18BA600F5BDE2 /* ContentView.swift */,
				744E0D842BB87B7C00AC87F8 /* View */,
				74EEE90B2BB32B8E0066FCDC /* ViewModel */,
				744E0D8D2BBC430D00AC87F8 /* Model */,
				744F3C8B2BB18BA700F5BDE2 /* Assets.xcassets */,
				744F3C8D2BB18BA700F5BDE2 /* Preview Content */,
			);
			path = concurrencyTest;
			sourceTree = "<group>";
		};
		744F3C8D2BB18BA700F5BDE2 /* Preview Content */ = {
			isa = PBXGroup;
			children = (
				744F3C8E2BB18BA700F5BDE2 /* Preview Assets.xcassets */,
			);
			path = "Preview Content";
			sourceTree = "<group>";
		};
		74EEE90B2BB32B8E0066FCDC /* ViewModel */ = {
			isa = PBXGroup;
			children = (
				744E0D872BBC016700AC87F8 /* BookListViewModel.swift */,
			);
			path = ViewModel;
			sourceTree = "<group>";
		};
/* End PBXGroup section */

/* Begin PBXNativeTarget section */
		744F3C832BB18BA600F5BDE2 /* concurrencyTest */ = {
			isa = PBXNativeTarget;
			buildConfigurationList = 744F3C922BB18BA700F5BDE2 /* Build configuration list for PBXNativeTarget "concurrencyTest" */;
			buildPhases = (
				744F3C802BB18BA600F5BDE2 /* Sources */,
				744F3C812BB18BA600F5BDE2 /* Frameworks */,
				744F3C822BB18BA600F5BDE2 /* Resources */,
			);
			buildRules = (
			);
			dependencies = (
			);
			name = concurrencyTest;
			productName = concurrencyTest;
			productReference = 744F3C842BB18BA600F5BDE2 /* concurrencyTest.app */;
			productType = "com.apple.product-type.application";
		};
/* End PBXNativeTarget section */

/* Begin PBXProject section */
		744F3C7C2BB18BA600F5BDE2 /* Project object */ = {
			isa = PBXProject;
			attributes = {
				BuildIndependentTargetsInParallel = 1;
				LastSwiftUpdateCheck = 1500;
				LastUpgradeCheck = 1500;
				TargetAttributes = {
					744F3C832BB18BA600F5BDE2 = {
						CreatedOnToolsVersion = 15.0;
					};
				};
			};
			buildConfigurationList = 744F3C7F2BB18BA600F5BDE2 /* Build configuration list for PBXProject "concurrencyTest" */;
			compatibilityVersion = "Xcode 14.0";
			developmentRegion = en;
			hasScannedForEncodings = 0;
			knownRegions = (
				en,
				Base,
			);
			mainGroup = 744F3C7B2BB18BA600F5BDE2;
			productRefGroup = 744F3C852BB18BA600F5BDE2 /* Products */;
			projectDirPath = "";
			projectRoot = "";
			targets = (
				744F3C832BB18BA600F5BDE2 /* concurrencyTest */,
			);
		};
/* End PBXProject section */

/* Begin PBXResourcesBuildPhase section */
		744F3C822BB18BA600F5BDE2 /* Resources */ = {
			isa = PBXResourcesBuildPhase;
			buildActionMask = 2147483647;
			files = (
				744F3C8F2BB18BA700F5BDE2 /* Preview Assets.xcassets in Resources */,
				744F3C8C2BB18BA700F5BDE2 /* Assets.xcassets in Resources */,
			);
			runOnlyForDeploymentPostprocessing = 0;
		};
/* End PBXResourcesBuildPhase section */

/* Begin PBXSourcesBuildPhase section */
		744F3C802BB18BA600F5BDE2 /* Sources */ = {
			isa = PBXSourcesBuildPhase;
			buildActionMask = 2147483647;
			files = (
				744E0D8A2BBC065900AC87F8 /* BookSearch.swift in Sources */,
				74EEE90D2BB32BBA0066FCDC /* BookModel.swift in Sources */,
				744E0D862BB87B8E00AC87F8 /* BookRaw.swift in Sources */,
				744F3C8A2BB18BA600F5BDE2 /* ContentView.swift in Sources */,
				744E0D8C2BBC070100AC87F8 /* BookList.swift in Sources */,
				744F3C882BB18BA600F5BDE2 /* concurrencyTestApp.swift in Sources */,
				744E0D882BBC016700AC87F8 /* BookListViewModel.swift in Sources */,
			);
			runOnlyForDeploymentPostprocessing = 0;
		};
/* End PBXSourcesBuildPhase section */

/* Begin XCBuildConfiguration section */
		744F3C902BB18BA700F5BDE2 /* Debug */ = {
			isa = XCBuildConfiguration;
			buildSettings = {
				ALWAYS_SEARCH_USER_PATHS = NO;
				ASSETCATALOG_COMPILER_GENERATE_SWIFT_ASSET_SYMBOL_EXTENSIONS = YES;
				CLANG_ANALYZER_NONNULL = YES;
				CLANG_ANALYZER_NUMBER_OBJECT_CONVERSION = YES_AGGRESSIVE;
				CLANG_CXX_LANGUAGE_STANDARD = "gnu++20";
				CLANG_ENABLE_MODULES = YES;
				CLANG_ENABLE_OBJC_ARC = YES;
				CLANG_ENABLE_OBJC_WEAK = YES;
				CLANG_WARN_BLOCK_CAPTURE_AUTORELEASING = YES;
				CLANG_WARN_BOOL_CONVERSION = YES;
				CLANG_WARN_COMMA = YES;
				CLANG_WARN_CONSTANT_CONVERSION = YES;
				CLANG_WARN_DEPRECATED_OBJC_IMPLEMENTATIONS = YES;
				CLANG_WARN_DIRECT_OBJC_ISA_USAGE = YES_ERROR;
				CLANG_WARN_DOCUMENTATION_COMMENTS = YES;
				CLANG_WARN_EMPTY_BODY = YES;
				CLANG_WARN_ENUM_CONVERSION = YES;
				CLANG_WARN_INFINITE_RECURSION = YES;
				CLANG_WARN_INT_CONVERSION = YES;
				CLANG_WARN_NON_LITERAL_NULL_CONVERSION = YES;
				CLANG_WARN_OBJC_IMPLICIT_RETAIN_SELF = YES;
				CLANG_WARN_OBJC_LITERAL_CONVERSION = YES;
				CLANG_WARN_OBJC_ROOT_CLASS = YES_ERROR;
				CLANG_WARN_QUOTED_INCLUDE_IN_FRAMEWORK_HEADER = YES;
				CLANG_WARN_RANGE_LOOP_ANALYSIS = YES;
				CLANG_WARN_STRICT_PROTOTYPES = YES;
				CLANG_WARN_SUSPICIOUS_MOVE = YES;
				CLANG_WARN_UNGUARDED_AVAILABILITY = YES_AGGRESSIVE;
				CLANG_WARN_UNREACHABLE_CODE = YES;
				CLANG_WARN__DUPLICATE_METHOD_MATCH = YES;
				COPY_PHASE_STRIP = NO;
				DEBUG_INFORMATION_FORMAT = dwarf;
				ENABLE_STRICT_OBJC_MSGSEND = YES;
				ENABLE_TESTABILITY = YES;
				ENABLE_USER_SCRIPT_SANDBOXING = YES;
				GCC_C_LANGUAGE_STANDARD = gnu17;
				GCC_DYNAMIC_NO_PIC = NO;
				GCC_NO_COMMON_BLOCKS = YES;
				GCC_OPTIMIZATION_LEVEL = 0;
				GCC_PREPROCESSOR_DEFINITIONS = (
					"DEBUG=1",
					"$(inherited)",
				);
				GCC_WARN_64_TO_32_BIT_CONVERSION = YES;
				GCC_WARN_ABOUT_RETURN_TYPE = YES_ERROR;
				GCC_WARN_UNDECLARED_SELECTOR = YES;
				GCC_WARN_UNINITIALIZED_AUTOS = YES_AGGRESSIVE;
				GCC_WARN_UNUSED_FUNCTION = YES;
				GCC_WARN_UNUSED_VARIABLE = YES;
				IPHONEOS_DEPLOYMENT_TARGET = 17.0;
				LOCALIZATION_PREFERS_STRING_CATALOGS = YES;
				MTL_ENABLE_DEBUG_INFO = INCLUDE_SOURCE;
				MTL_FAST_MATH = YES;
				ONLY_ACTIVE_ARCH = YES;
				SDKROOT = iphoneos;
				SWIFT_ACTIVE_COMPILATION_CONDITIONS = "DEBUG $(inherited)";
				SWIFT_OPTIMIZATION_LEVEL = "-Onone";
			};
			name = Debug;
		};
		744F3C912BB18BA700F5BDE2 /* Release */ = {
			isa = XCBuildConfiguration;
			buildSettings = {
				ALWAYS_SEARCH_USER_PATHS = NO;
				ASSETCATALOG_COMPILER_GENERATE_SWIFT_ASSET_SYMBOL_EXTENSIONS = YES;
				CLANG_ANALYZER_NONNULL = YES;
				CLANG_ANALYZER_NUMBER_OBJECT_CONVERSION = YES_AGGRESSIVE;
				CLANG_CXX_LANGUAGE_STANDARD = "gnu++20";
				CLANG_ENABLE_MODULES = YES;
				CLANG_ENABLE_OBJC_ARC = YES;
				CLANG_ENABLE_OBJC_WEAK = YES;
				CLANG_WARN_BLOCK_CAPTURE_AUTORELEASING = YES;
				CLANG_WARN_BOOL_CONVERSION = YES;
				CLANG_WARN_COMMA = YES;
				CLANG_WARN_CONSTANT_CONVERSION = YES;
				CLANG_WARN_DEPRECATED_OBJC_IMPLEMENTATIONS = YES;
				CLANG_WARN_DIRECT_OBJC_ISA_USAGE = YES_ERROR;
				CLANG_WARN_DOCUMENTATION_COMMENTS = YES;
				CLANG_WARN_EMPTY_BODY = YES;
				CLANG_WARN_ENUM_CONVERSION = YES;
				CLANG_WARN_INFINITE_RECURSION = YES;
				CLANG_WARN_INT_CONVERSION = YES;
				CLANG_WARN_NON_LITERAL_NULL_CONVERSION = YES;
				CLANG_WARN_OBJC_IMPLICIT_RETAIN_SELF = YES;
				CLANG_WARN_OBJC_LITERAL_CONVERSION = YES;
				CLANG_WARN_OBJC_ROOT_CLASS = YES_ERROR;
				CLANG_WARN_QUOTED_INCLUDE_IN_FRAMEWORK_HEADER = YES;
				CLANG_WARN_RANGE_LOOP_ANALYSIS = YES;
				CLANG_WARN_STRICT_PROTOTYPES = YES;
				CLANG_WARN_SUSPICIOUS_MOVE = YES;
				CLANG_WARN_UNGUARDED_AVAILABILITY = YES_AGGRESSIVE;
				CLANG_WARN_UNREACHABLE_CODE = YES;
				CLANG_WARN__DUPLICATE_METHOD_MATCH = YES;
				COPY_PHASE_STRIP = NO;
				DEBUG_INFORMATION_FORMAT = "dwarf-with-dsym";
				ENABLE_NS_ASSERTIONS = NO;
				ENABLE_STRICT_OBJC_MSGSEND = YES;
				ENABLE_USER_SCRIPT_SANDBOXING = YES;
				GCC_C_LANGUAGE_STANDARD = gnu17;
				GCC_NO_COMMON_BLOCKS = YES;
				GCC_WARN_64_TO_32_BIT_CONVERSION = YES;
				GCC_WARN_ABOUT_RETURN_TYPE = YES_ERROR;
				GCC_WARN_UNDECLARED_SELECTOR = YES;
				GCC_WARN_UNINITIALIZED_AUTOS = YES_AGGRESSIVE;
				GCC_WARN_UNUSED_FUNCTION = YES;
				GCC_WARN_UNUSED_VARIABLE = YES;
				IPHONEOS_DEPLOYMENT_TARGET = 17.0;
				LOCALIZATION_PREFERS_STRING_CATALOGS = YES;
				MTL_ENABLE_DEBUG_INFO = NO;
				MTL_FAST_MATH = YES;
				SDKROOT = iphoneos;
				SWIFT_COMPILATION_MODE = wholemodule;
				VALIDATE_PRODUCT = YES;
			};
			name = Release;
		};
		744F3C932BB18BA700F5BDE2 /* Debug */ = {
			isa = XCBuildConfiguration;
			buildSettings = {
				ASSETCATALOG_COMPILER_APPICON_NAME = AppIcon;
				ASSETCATALOG_COMPILER_GLOBAL_ACCENT_COLOR_NAME = AccentColor;
				CODE_SIGN_STYLE = Automatic;
				CURRENT_PROJECT_VERSION = 1;
				DEVELOPMENT_ASSET_PATHS = "\"concurrencyTest/Preview Content\"";
				DEVELOPMENT_TEAM = 76686GRWFP;
				ENABLE_PREVIEWS = YES;
				GENERATE_INFOPLIST_FILE = YES;
				INFOPLIST_KEY_UIApplicationSceneManifest_Generation = YES;
				INFOPLIST_KEY_UIApplicationSupportsIndirectInputEvents = YES;
				INFOPLIST_KEY_UILaunchScreen_Generation = YES;
				INFOPLIST_KEY_UISupportedInterfaceOrientations_iPad = "UIInterfaceOrientationPortrait UIInterfaceOrientationPortraitUpsideDown UIInterfaceOrientationLandscapeLeft UIInterfaceOrientationLandscapeRight";
				INFOPLIST_KEY_UISupportedInterfaceOrientations_iPhone = "UIInterfaceOrientationPortrait UIInterfaceOrientationLandscapeLeft UIInterfaceOrientationLandscapeRight";
				LD_RUNPATH_SEARCH_PATHS = (
					"$(inherited)",
					"@executable_path/Frameworks",
				);
				MARKETING_VERSION = 1.0;
				PRODUCT_BUNDLE_IDENTIFIER = com.fabio.falco.concurrencyTest;
				PRODUCT_NAME = "$(TARGET_NAME)";
				SWIFT_EMIT_LOC_STRINGS = YES;
				SWIFT_VERSION = 5.0;
				TARGETED_DEVICE_FAMILY = "1,2";
			};
			name = Debug;
		};
		744F3C942BB18BA700F5BDE2 /* Release */ = {
			isa = XCBuildConfiguration;
			buildSettings = {
				ASSETCATALOG_COMPILER_APPICON_NAME = AppIcon;
				ASSETCATALOG_COMPILER_GLOBAL_ACCENT_COLOR_NAME = AccentColor;
				CODE_SIGN_STYLE = Automatic;
				CURRENT_PROJECT_VERSION = 1;
				DEVELOPMENT_ASSET_PATHS = "\"concurrencyTest/Preview Content\"";
				DEVELOPMENT_TEAM = 76686GRWFP;
				ENABLE_PREVIEWS = YES;
				GENERATE_INFOPLIST_FILE = YES;
				INFOPLIST_KEY_UIApplicationSceneManifest_Generation = YES;
				INFOPLIST_KEY_UIApplicationSupportsIndirectInputEvents = YES;
				INFOPLIST_KEY_UILaunchScreen_Generation = YES;
				INFOPLIST_KEY_UISupportedInterfaceOrientations_iPad = "UIInterfaceOrientationPortrait UIInterfaceOrientationPortraitUpsideDown UIInterfaceOrientationLandscapeLeft UIInterfaceOrientationLandscapeRight";
				INFOPLIST_KEY_UISupportedInterfaceOrientations_iPhone = "UIInterfaceOrientationPortrait UIInterfaceOrientationLandscapeLeft UIInterfaceOrientationLandscapeRight";
				LD_RUNPATH_SEARCH_PATHS = (
					"$(inherited)",
					"@executable_path/Frameworks",
				);
				MARKETING_VERSION = 1.0;
				PRODUCT_BUNDLE_IDENTIFIER = com.fabio.falco.concurrencyTest;
				PRODUCT_NAME = "$(TARGET_NAME)";
				SWIFT_EMIT_LOC_STRINGS = YES;
				SWIFT_VERSION = 5.0;
				TARGETED_DEVICE_FAMILY = "1,2";
			};
			name = Release;
		};
/* End XCBuildConfiguration section */

/* Begin XCConfigurationList section */
		744F3C7F2BB18BA600F5BDE2 /* Build configuration list for PBXProject "concurrencyTest" */ = {
			isa = XCConfigurationList;
			buildConfigurations = (
				744F3C902BB18BA700F5BDE2 /* Debug */,
				744F3C912BB18BA700F5BDE2 /* Release */,
			);
			defaultConfigurationIsVisible = 0;
			defaultConfigurationName = Release;
		};
		744F3C922BB18BA700F5BDE2 /* Build configuration list for PBXNativeTarget "concurrencyTest" */ = {
			isa = XCConfigurationList;
			buildConfigurations = (
				744F3C932BB18BA700F5BDE2 /* Debug */,
				744F3C942BB18BA700F5BDE2 /* Release */,
			);
			defaultConfigurationIsVisible = 0;
			defaultConfigurationName = Release;
		};
/* End XCConfigurationList section */
	};
	rootObject = 744F3C7C2BB18BA600F5BDE2 /* Project object */;
}
